# THIS IS AN AUTOGENERATED FILE. DO NOT EDIT THIS FILE DIRECTLY.
# yarn lockfile v1


dotenv@^16.4.5:
  version "16.4.5"
  resolved "https://registry.yarnpkg.com/dotenv/-/dotenv-16.4.5.tgz#cdd3b3b604cb327e286b4762e13502f717cb099f"
  integrity sha512-ZmdL2rui+eB2YwhsWzjInR8LldtZHGDoQ1ugH85ppHKwpUHL7j7rN0Ti9NCnGiQbhaZ11FpR+7ao1dNsmduNUg==

laravel-echo@^1.17.0:
  version "1.17.0"
  resolved "https://registry.yarnpkg.com/laravel-echo/-/laravel-echo-1.17.0.tgz#28fbce28c03b6618a6985d0dcdfc4d699077aa99"
  integrity sha512-uf+BVZMkXc7+pzxS2dG5v1P+MT3yWS+/9oDSJUcQ4KqnDKLYfM1lc7yUmnxvLtwPksGuQJv6XBtzvWLHSEheNQ==

pusher-js@^8.4.0-rc2:
  version "8.4.0-rc2"
  resolved "https://registry.yarnpkg.com/pusher-js/-/pusher-js-8.4.0-rc2.tgz#44f33bfe5bc89f741d82601125d6095bde28261b"
  integrity sha512-d87GjOEEl9QgO5BWmViSqW0LOzPvybvX6WA9zLUstNdB57jVJuR27zHkRnrav2a3+zAMlHbP2Og8wug+rG8T+g==
  dependencies:
    tweetnacl "^1.0.3"

tweetnacl@^1.0.3:
  version "1.0.3"
  resolved "https://registry.yarnpkg.com/tweetnacl/-/tweetnacl-1.0.3.tgz#ac0af71680458d8a6378d0d0d050ab1407d35596"
  integrity sha512-6rt+RN7aOi1nGMyC4Xa5DdYiukl2UWCbcJft7YhxReBGQD7OAM8Pbxw6YMo4r2diNEA8FEmu32YOn9rhaiE5yw==
